// !$*UTF8*$!
{
	archiveVersion = 1;
	classes = {
	};
	objectVersion = 56;
	objects = {

/* Begin PBXBuildFile section */
		8A329DD02BF4CA3200EA7CF8 /* ThreadsCloneSwiftUIApp.swift in Sources */ = {isa = PBXBuildFile; fileRef = 8A329DCF2BF4CA3200EA7CF8 /* ThreadsCloneSwiftUIApp.swift */; };
		8A329DD22BF4CA3200EA7CF8 /* ContentView.swift in Sources */ = {isa = PBXBuildFile; fileRef = 8A329DD12BF4CA3200EA7CF8 /* ContentView.swift */; };
		8A329DD42BF4CA3400EA7CF8 /* Assets.xcassets in Resources */ = {isa = PBXBuildFile; fileRef = 8A329DD32BF4CA3400EA7CF8 /* Assets.xcassets */; };
		8A329DD82BF4CA3400EA7CF8 /* Preview Assets.xcassets in Resources */ = {isa = PBXBuildFile; fileRef = 8A329DD72BF4CA3400EA7CF8 /* Preview Assets.xcassets */; };
		8A329DE82BF4CBBC00EA7CF8 /* LoginView.swift in Sources */ = {isa = PBXBuildFile; fileRef = 8A329DE72BF4CBBC00EA7CF8 /* LoginView.swift */; };
		8A329DED2BF4D7E900EA7CF8 /* RegistrationView.swift in Sources */ = {isa = PBXBuildFile; fileRef = 8A329DEC2BF4D7E900EA7CF8 /* RegistrationView.swift */; };
		8A329DF02BF4D94300EA7CF8 /* ThreadsTextFieldModifier.swift in Sources */ = {isa = PBXBuildFile; fileRef = 8A329DEF2BF4D94300EA7CF8 /* ThreadsTextFieldModifier.swift */; };
		8AFE7D4F2BF5EBB500BF1247 /* ThreadsTabView.swift in Sources */ = {isa = PBXBuildFile; fileRef = 8AFE7D4E2BF5EBB500BF1247 /* ThreadsTabView.swift */; };
/* End PBXBuildFile section */

/* Begin PBXFileReference section */
		8A329DCC2BF4CA3200EA7CF8 /* ThreadsCloneSwiftUI.app */ = {isa = PBXFileReference; explicitFileType = wrapper.application; includeInIndex = 0; path = ThreadsCloneSwiftUI.app; sourceTree = BUILT_PRODUCTS_DIR; };
		8A329DCF2BF4CA3200EA7CF8 /* ThreadsCloneSwiftUIApp.swift */ = {isa = PBXFileReference; lastKnownFileType = sourcecode.swift; path = ThreadsCloneSwiftUIApp.swift; sourceTree = "<group>"; };
		8A329DD12BF4CA3200EA7CF8 /* ContentView.swift */ = {isa = PBXFileReference; lastKnownFileType = sourcecode.swift; path = ContentView.swift; sourceTree = "<group>"; };
		8A329DD32BF4CA3400EA7CF8 /* Assets.xcassets */ = {isa = PBXFileReference; lastKnownFileType = folder.assetcatalog; path = Assets.xcassets; sourceTree = "<group>"; };
		8A329DD52BF4CA3400EA7CF8 /* ThreadsCloneSwiftUI.entitlements */ = {isa = PBXFileReference; lastKnownFileType = text.plist.entitlements; path = ThreadsCloneSwiftUI.entitlements; sourceTree = "<group>"; };
		8A329DD72BF4CA3400EA7CF8 /* Preview Assets.xcassets */ = {isa = PBXFileReference; lastKnownFileType = folder.assetcatalog; path = "Preview Assets.xcassets"; sourceTree = "<group>"; };
		8A329DE72BF4CBBC00EA7CF8 /* LoginView.swift */ = {isa = PBXFileReference; lastKnownFileType = sourcecode.swift; path = LoginView.swift; sourceTree = "<group>"; };
		8A329DEC2BF4D7E900EA7CF8 /* RegistrationView.swift */ = {isa = PBXFileReference; lastKnownFileType = sourcecode.swift; path = RegistrationView.swift; sourceTree = "<group>"; };
		8A329DEF2BF4D94300EA7CF8 /* ThreadsTextFieldModifier.swift */ = {isa = PBXFileReference; lastKnownFileType = sourcecode.swift; path = ThreadsTextFieldModifier.swift; sourceTree = "<group>"; };
		8AFE7D4E2BF5EBB500BF1247 /* ThreadsTabView.swift */ = {isa = PBXFileReference; lastKnownFileType = sourcecode.swift; path = ThreadsTabView.swift; sourceTree = "<group>"; };
/* End PBXFileReference section */

/* Begin PBXFrameworksBuildPhase section */
		8A329DC92BF4CA3200EA7CF8 /* Frameworks */ = {
			isa = PBXFrameworksBuildPhase;
			buildActionMask = 2147483647;
			files = (
			);
			runOnlyForDeploymentPostprocessing = 0;
		};
/* End PBXFrameworksBuildPhase section */

/* Begin PBXGroup section */
		8A329DC32BF4CA3200EA7CF8 = {
			isa = PBXGroup;
			children = (
				8A329DCE2BF4CA3200EA7CF8 /* ThreadsCloneSwiftUI */,
				8A329DCD2BF4CA3200EA7CF8 /* Products */,
			);
			sourceTree = "<group>";
		};
		8A329DCD2BF4CA3200EA7CF8 /* Products */ = {
			isa = PBXGroup;
			children = (
				8A329DCC2BF4CA3200EA7CF8 /* ThreadsCloneSwiftUI.app */,
			);
			name = Products;
			sourceTree = "<group>";
		};
		8A329DCE2BF4CA3200EA7CF8 /* ThreadsCloneSwiftUI */ = {
			isa = PBXGroup;
			children = (
				8A329DE32BF4CB4300EA7CF8 /* App */,
				8A329DD32BF4CA3400EA7CF8 /* Assets.xcassets */,
				8A329DE92BF4D5D800EA7CF8 /* Components */,
				8A329DE22BF4CB3E00EA7CF8 /* Core */,
				8A329DE12BF4CB3C00EA7CF8 /* Extensions */,
				8A329DE02BF4CB3A00EA7CF8 /* Model */,
				8A329DD62BF4CA3400EA7CF8 /* Preview Content */,
				8A329DDF2BF4CB1A00EA7CF8 /* Services */,
				8A329DD52BF4CA3400EA7CF8 /* ThreadsCloneSwiftUI.entitlements */,
				8A329DDE2BF4CB1700EA7CF8 /* Utils */,
			);
			path = ThreadsCloneSwiftUI;
			sourceTree = "<group>";
		};
		8A329DD62BF4CA3400EA7CF8 /* Preview Content */ = {
			isa = PBXGroup;
			children = (
				8A329DD72BF4CA3400EA7CF8 /* Preview Assets.xcassets */,
			);
			path = "Preview Content";
			sourceTree = "<group>";
		};
		8A329DDE2BF4CB1700EA7CF8 /* Utils */ = {
			isa = PBXGroup;
			children = (
				8A329DEE2BF4D92900EA7CF8 /* ViewModifier */,
			);
			path = Utils;
			sourceTree = "<group>";
		};
		8A329DDF2BF4CB1A00EA7CF8 /* Services */ = {
			isa = PBXGroup;
			children = (
			);
			path = Services;
			sourceTree = "<group>";
		};
		8A329DE02BF4CB3A00EA7CF8 /* Model */ = {
			isa = PBXGroup;
			children = (
			);
			path = Model;
			sourceTree = "<group>";
		};
		8A329DE12BF4CB3C00EA7CF8 /* Extensions */ = {
			isa = PBXGroup;
			children = (
			);
			path = Extensions;
			sourceTree = "<group>";
		};
		8A329DE22BF4CB3E00EA7CF8 /* Core */ = {
			isa = PBXGroup;
			children = (
				8A329DE52BF4CB7F00EA7CF8 /* Authentication */,
				8A329DE42BF4CB7D00EA7CF8 /* Root */,
				8AFE7D4D2BF5EB9300BF1247 /* Tabbar */,
			);
			path = Core;
			sourceTree = "<group>";
		};
		8A329DE32BF4CB4300EA7CF8 /* App */ = {
			isa = PBXGroup;
			children = (
				8A329DCF2BF4CA3200EA7CF8 /* ThreadsCloneSwiftUIApp.swift */,
			);
			path = App;
			sourceTree = "<group>";
		};
		8A329DE42BF4CB7D00EA7CF8 /* Root */ = {
			isa = PBXGroup;
			children = (
				8A329DD12BF4CA3200EA7CF8 /* ContentView.swift */,
			);
			path = Root;
			sourceTree = "<group>";
		};
		8A329DE52BF4CB7F00EA7CF8 /* Authentication */ = {
			isa = PBXGroup;
			children = (
				8A329DE62BF4CB9E00EA7CF8 /* Views */,
			);
			path = Authentication;
			sourceTree = "<group>";
		};
		8A329DE62BF4CB9E00EA7CF8 /* Views */ = {
			isa = PBXGroup;
			children = (
				8A329DE72BF4CBBC00EA7CF8 /* LoginView.swift */,
				8A329DEC2BF4D7E900EA7CF8 /* RegistrationView.swift */,
			);
			path = Views;
			sourceTree = "<group>";
		};
		8A329DE92BF4D5D800EA7CF8 /* Components */ = {
			isa = PBXGroup;
			children = (
			);
			path = Components;
			sourceTree = "<group>";
		};
		8A329DEE2BF4D92900EA7CF8 /* ViewModifier */ = {
			isa = PBXGroup;
			children = (
				8A329DEF2BF4D94300EA7CF8 /* ThreadsTextFieldModifier.swift */,
			);
			path = ViewModifier;
			sourceTree = "<group>";
		};
		8AFE7D4D2BF5EB9300BF1247 /* Tabbar */ = {
			isa = PBXGroup;
			children = (
				8AFE7D4E2BF5EBB500BF1247 /* ThreadsTabView.swift */,
			);
			path = Tabbar;
			sourceTree = "<group>";
		};
/* End PBXGroup section */

/* Begin PBXNativeTarget section */
		8A329DCB2BF4CA3200EA7CF8 /* ThreadsCloneSwiftUI */ = {
			isa = PBXNativeTarget;
			buildConfigurationList = 8A329DDB2BF4CA3400EA7CF8 /* Build configuration list for PBXNativeTarget "ThreadsCloneSwiftUI" */;
			buildPhases = (
				8A329DC82BF4CA3200EA7CF8 /* Sources */,
				8A329DC92BF4CA3200EA7CF8 /* Frameworks */,
				8A329DCA2BF4CA3200EA7CF8 /* Resources */,
			);
			buildRules = (
			);
			dependencies = (
			);
			name = ThreadsCloneSwiftUI;
			productName = ThreadsCloneSwiftUI;
			productReference = 8A329DCC2BF4CA3200EA7CF8 /* ThreadsCloneSwiftUI.app */;
			productType = "com.apple.product-type.application";
		};
/* End PBXNativeTarget section */

/* Begin PBXProject section */
		8A329DC42BF4CA3200EA7CF8 /* Project object */ = {
			isa = PBXProject;
			attributes = {
				BuildIndependentTargetsInParallel = 1;
				LastSwiftUpdateCheck = 1500;
				LastUpgradeCheck = 1500;
				TargetAttributes = {
					8A329DCB2BF4CA3200EA7CF8 = {
						CreatedOnToolsVersion = 15.0.1;
					};
				};
			};
			buildConfigurationList = 8A329DC72BF4CA3200EA7CF8 /* Build configuration list for PBXProject "ThreadsCloneSwiftUI" */;
			compatibilityVersion = "Xcode 14.0";
			developmentRegion = en;
			hasScannedForEncodings = 0;
			knownRegions = (
				en,
				Base,
			);
			mainGroup = 8A329DC32BF4CA3200EA7CF8;
			productRefGroup = 8A329DCD2BF4CA3200EA7CF8 /* Products */;
			projectDirPath = "";
			projectRoot = "";
			targets = (
				8A329DCB2BF4CA3200EA7CF8 /* ThreadsCloneSwiftUI */,
			);
		};
/* End PBXProject section */

/* Begin PBXResourcesBuildPhase section */
		8A329DCA2BF4CA3200EA7CF8 /* Resources */ = {
			isa = PBXResourcesBuildPhase;
			buildActionMask = 2147483647;
			files = (
				8A329DD82BF4CA3400EA7CF8 /* Preview Assets.xcassets in Resources */,
				8A329DD42BF4CA3400EA7CF8 /* Assets.xcassets in Resources */,
			);
			runOnlyForDeploymentPostprocessing = 0;
		};
/* End PBXResourcesBuildPhase section */

/* Begin PBXSourcesBuildPhase section */
		8A329DC82BF4CA3200EA7CF8 /* Sources */ = {
			isa = PBXSourcesBuildPhase;
			buildActionMask = 2147483647;
			files = (
				8A329DF02BF4D94300EA7CF8 /* ThreadsTextFieldModifier.swift in Sources */,
				8A329DE82BF4CBBC00EA7CF8 /* LoginView.swift in Sources */,
				8AFE7D4F2BF5EBB500BF1247 /* ThreadsTabView.swift in Sources */,
				8A329DD22BF4CA3200EA7CF8 /* ContentView.swift in Sources */,
				8A329DD02BF4CA3200EA7CF8 /* ThreadsCloneSwiftUIApp.swift in Sources */,
				8A329DED2BF4D7E900EA7CF8 /* RegistrationView.swift in Sources */,
			);
			runOnlyForDeploymentPostprocessing = 0;
		};
/* End PBXSourcesBuildPhase section */

/* Begin XCBuildConfiguration section */
		8A329DD92BF4CA3400EA7CF8 /* Debug */ = {
			isa = XCBuildConfiguration;
			buildSettings = {
				ALWAYS_SEARCH_USER_PATHS = NO;
				ASSETCATALOG_COMPILER_GENERATE_SWIFT_ASSET_SYMBOL_EXTENSIONS = YES;
				CLANG_ANALYZER_NONNULL = YES;
				CLANG_ANALYZER_NUMBER_OBJECT_CONVERSION = YES_AGGRESSIVE;
				CLANG_CXX_LANGUAGE_STANDARD = "gnu++20";
				CLANG_ENABLE_MODULES = YES;
				CLANG_ENABLE_OBJC_ARC = YES;
				CLANG_ENABLE_OBJC_WEAK = YES;
				CLANG_WARN_BLOCK_CAPTURE_AUTORELEASING = YES;
				CLANG_WARN_BOOL_CONVERSION = YES;
				CLANG_WARN_COMMA = YES;
				CLANG_WARN_CONSTANT_CONVERSION = YES;
				CLANG_WARN_DEPRECATED_OBJC_IMPLEMENTATIONS = YES;
				CLANG_WARN_DIRECT_OBJC_ISA_USAGE = YES_ERROR;
				CLANG_WARN_DOCUMENTATION_COMMENTS = YES;
				CLANG_WARN_EMPTY_BODY = YES;
				CLANG_WARN_ENUM_CONVERSION = YES;
				CLANG_WARN_INFINITE_RECURSION = YES;
				CLANG_WARN_INT_CONVERSION = YES;
				CLANG_WARN_NON_LITERAL_NULL_CONVERSION = YES;
				CLANG_WARN_OBJC_IMPLICIT_RETAIN_SELF = YES;
				CLANG_WARN_OBJC_LITERAL_CONVERSION = YES;
				CLANG_WARN_OBJC_ROOT_CLASS = YES_ERROR;
				CLANG_WARN_QUOTED_INCLUDE_IN_FRAMEWORK_HEADER = YES;
				CLANG_WARN_RANGE_LOOP_ANALYSIS = YES;
				CLANG_WARN_STRICT_PROTOTYPES = YES;
				CLANG_WARN_SUSPICIOUS_MOVE = YES;
				CLANG_WARN_UNGUARDED_AVAILABILITY = YES_AGGRESSIVE;
				CLANG_WARN_UNREACHABLE_CODE = YES;
				CLANG_WARN__DUPLICATE_METHOD_MATCH = YES;
				COPY_PHASE_STRIP = NO;
				DEBUG_INFORMATION_FORMAT = dwarf;
				ENABLE_STRICT_OBJC_MSGSEND = YES;
				ENABLE_TESTABILITY = YES;
				ENABLE_USER_SCRIPT_SANDBOXING = YES;
				GCC_C_LANGUAGE_STANDARD = gnu17;
				GCC_DYNAMIC_NO_PIC = NO;
				GCC_NO_COMMON_BLOCKS = YES;
				GCC_OPTIMIZATION_LEVEL = 0;
				GCC_PREPROCESSOR_DEFINITIONS = (
					"DEBUG=1",
					"$(inherited)",
				);
				GCC_WARN_64_TO_32_BIT_CONVERSION = YES;
				GCC_WARN_ABOUT_RETURN_TYPE = YES_ERROR;
				GCC_WARN_UNDECLARED_SELECTOR = YES;
				GCC_WARN_UNINITIALIZED_AUTOS = YES_AGGRESSIVE;
				GCC_WARN_UNUSED_FUNCTION = YES;
				GCC_WARN_UNUSED_VARIABLE = YES;
				LOCALIZATION_PREFERS_STRING_CATALOGS = YES;
				MTL_ENABLE_DEBUG_INFO = INCLUDE_SOURCE;
				MTL_FAST_MATH = YES;
				ONLY_ACTIVE_ARCH = YES;
				SWIFT_ACTIVE_COMPILATION_CONDITIONS = "DEBUG $(inherited)";
				SWIFT_OPTIMIZATION_LEVEL = "-Onone";
			};
			name = Debug;
		};
		8A329DDA2BF4CA3400EA7CF8 /* Release */ = {
			isa = XCBuildConfiguration;
			buildSettings = {
				ALWAYS_SEARCH_USER_PATHS = NO;
				ASSETCATALOG_COMPILER_GENERATE_SWIFT_ASSET_SYMBOL_EXTENSIONS = YES;
				CLANG_ANALYZER_NONNULL = YES;
				CLANG_ANALYZER_NUMBER_OBJECT_CONVERSION = YES_AGGRESSIVE;
				CLANG_CXX_LANGUAGE_STANDARD = "gnu++20";
				CLANG_ENABLE_MODULES = YES;
				CLANG_ENABLE_OBJC_ARC = YES;
				CLANG_ENABLE_OBJC_WEAK = YES;
				CLANG_WARN_BLOCK_CAPTURE_AUTORELEASING = YES;
				CLANG_WARN_BOOL_CONVERSION = YES;
				CLANG_WARN_COMMA = YES;
				CLANG_WARN_CONSTANT_CONVERSION = YES;
				CLANG_WARN_DEPRECATED_OBJC_IMPLEMENTATIONS = YES;
				CLANG_WARN_DIRECT_OBJC_ISA_USAGE = YES_ERROR;
				CLANG_WARN_DOCUMENTATION_COMMENTS = YES;
				CLANG_WARN_EMPTY_BODY = YES;
				CLANG_WARN_ENUM_CONVERSION = YES;
				CLANG_WARN_INFINITE_RECURSION = YES;
				CLANG_WARN_INT_CONVERSION = YES;
				CLANG_WARN_NON_LITERAL_NULL_CONVERSION = YES;
				CLANG_WARN_OBJC_IMPLICIT_RETAIN_SELF = YES;
				CLANG_WARN_OBJC_LITERAL_CONVERSION = YES;
				CLANG_WARN_OBJC_ROOT_CLASS = YES_ERROR;
				CLANG_WARN_QUOTED_INCLUDE_IN_FRAMEWORK_HEADER = YES;
				CLANG_WARN_RANGE_LOOP_ANALYSIS = YES;
				CLANG_WARN_STRICT_PROTOTYPES = YES;
				CLANG_WARN_SUSPICIOUS_MOVE = YES;
				CLANG_WARN_UNGUARDED_AVAILABILITY = YES_AGGRESSIVE;
				CLANG_WARN_UNREACHABLE_CODE = YES;
				CLANG_WARN__DUPLICATE_METHOD_MATCH = YES;
				COPY_PHASE_STRIP = NO;
				DEBUG_INFORMATION_FORMAT = "dwarf-with-dsym";
				ENABLE_NS_ASSERTIONS = NO;
				ENABLE_STRICT_OBJC_MSGSEND = YES;
				ENABLE_USER_SCRIPT_SANDBOXING = YES;
				GCC_C_LANGUAGE_STANDARD = gnu17;
				GCC_NO_COMMON_BLOCKS = YES;
				GCC_WARN_64_TO_32_BIT_CONVERSION = YES;
				GCC_WARN_ABOUT_RETURN_TYPE = YES_ERROR;
				GCC_WARN_UNDECLARED_SELECTOR = YES;
				GCC_WARN_UNINITIALIZED_AUTOS = YES_AGGRESSIVE;
				GCC_WARN_UNUSED_FUNCTION = YES;
				GCC_WARN_UNUSED_VARIABLE = YES;
				LOCALIZATION_PREFERS_STRING_CATALOGS = YES;
				MTL_ENABLE_DEBUG_INFO = NO;
				MTL_FAST_MATH = YES;
				SWIFT_COMPILATION_MODE = wholemodule;
			};
			name = Release;
		};
		8A329DDC2BF4CA3400EA7CF8 /* Debug */ = {
			isa = XCBuildConfiguration;
			buildSettings = {
				ASSETCATALOG_COMPILER_APPICON_NAME = AppIcon;
				ASSETCATALOG_COMPILER_GLOBAL_ACCENT_COLOR_NAME = AccentColor;
				CODE_SIGN_ENTITLEMENTS = ThreadsCloneSwiftUI/ThreadsCloneSwiftUI.entitlements;
				CODE_SIGN_STYLE = Automatic;
				CURRENT_PROJECT_VERSION = 1;
				DEVELOPMENT_ASSET_PATHS = "\"ThreadsCloneSwiftUI/Preview Content\"";
				ENABLE_PREVIEWS = YES;
				GENERATE_INFOPLIST_FILE = YES;
				"INFOPLIST_KEY_UIApplicationSceneManifest_Generation[sdk=iphoneos*]" = YES;
				"INFOPLIST_KEY_UIApplicationSceneManifest_Generation[sdk=iphonesimulator*]" = YES;
				"INFOPLIST_KEY_UIApplicationSupportsIndirectInputEvents[sdk=iphoneos*]" = YES;
				"INFOPLIST_KEY_UIApplicationSupportsIndirectInputEvents[sdk=iphonesimulator*]" = YES;
				"INFOPLIST_KEY_UILaunchScreen_Generation[sdk=iphoneos*]" = YES;
				"INFOPLIST_KEY_UILaunchScreen_Generation[sdk=iphonesimulator*]" = YES;
				"INFOPLIST_KEY_UIStatusBarStyle[sdk=iphoneos*]" = UIStatusBarStyleDefault;
				"INFOPLIST_KEY_UIStatusBarStyle[sdk=iphonesimulator*]" = UIStatusBarStyleDefault;
				INFOPLIST_KEY_UISupportedInterfaceOrientations_iPad = "UIInterfaceOrientationPortrait UIInterfaceOrientationPortraitUpsideDown UIInterfaceOrientationLandscapeLeft UIInterfaceOrientationLandscapeRight";
				INFOPLIST_KEY_UISupportedInterfaceOrientations_iPhone = "UIInterfaceOrientationPortrait UIInterfaceOrientationLandscapeLeft UIInterfaceOrientationLandscapeRight";
				IPHONEOS_DEPLOYMENT_TARGET = 17.0;
				LD_RUNPATH_SEARCH_PATHS = "@executable_path/Frameworks";
				"LD_RUNPATH_SEARCH_PATHS[sdk=macosx*]" = "@executable_path/../Frameworks";
				MACOSX_DEPLOYMENT_TARGET = 14.0;
				MARKETING_VERSION = 1.0;
				PRODUCT_BUNDLE_IDENTIFIER = com.ua.ThreadsCloneSwiftUI;
				PRODUCT_NAME = "$(TARGET_NAME)";
				SDKROOT = auto;
				SUPPORTED_PLATFORMS = "iphoneos iphonesimulator macosx";
				SWIFT_EMIT_LOC_STRINGS = YES;
				SWIFT_VERSION = 5.0;
				TARGETED_DEVICE_FAMILY = "1,2";
			};
			name = Debug;
		};
		8A329DDD2BF4CA3400EA7CF8 /* Release */ = {
			isa = XCBuildConfiguration;
			buildSettings = {
				ASSETCATALOG_COMPILER_APPICON_NAME = AppIcon;
				ASSETCATALOG_COMPILER_GLOBAL_ACCENT_COLOR_NAME = AccentColor;
				CODE_SIGN_ENTITLEMENTS = ThreadsCloneSwiftUI/ThreadsCloneSwiftUI.entitlements;
				CODE_SIGN_STYLE = Automatic;
				CURRENT_PROJECT_VERSION = 1;
				DEVELOPMENT_ASSET_PATHS = "\"ThreadsCloneSwiftUI/Preview Content\"";
				ENABLE_PREVIEWS = YES;
				GENERATE_INFOPLIST_FILE = YES;
				"INFOPLIST_KEY_UIApplicationSceneManifest_Generation[sdk=iphoneos*]" = YES;
				"INFOPLIST_KEY_UIApplicationSceneManifest_Generation[sdk=iphonesimulator*]" = YES;
				"INFOPLIST_KEY_UIApplicationSupportsIndirectInputEvents[sdk=iphoneos*]" = YES;
				"INFOPLIST_KEY_UIApplicationSupportsIndirectInputEvents[sdk=iphonesimulator*]" = YES;
				"INFOPLIST_KEY_UILaunchScreen_Generation[sdk=iphoneos*]" = YES;
				"INFOPLIST_KEY_UILaunchScreen_Generation[sdk=iphonesimulator*]" = YES;
				"INFOPLIST_KEY_UIStatusBarStyle[sdk=iphoneos*]" = UIStatusBarStyleDefault;
				"INFOPLIST_KEY_UIStatusBarStyle[sdk=iphonesimulator*]" = UIStatusBarStyleDefault;
				INFOPLIST_KEY_UISupportedInterfaceOrientations_iPad = "UIInterfaceOrientationPortrait UIInterfaceOrientationPortraitUpsideDown UIInterfaceOrientationLandscapeLeft UIInterfaceOrientationLandscapeRight";
				INFOPLIST_KEY_UISupportedInterfaceOrientations_iPhone = "UIInterfaceOrientationPortrait UIInterfaceOrientationLandscapeLeft UIInterfaceOrientationLandscapeRight";
				IPHONEOS_DEPLOYMENT_TARGET = 17.0;
				LD_RUNPATH_SEARCH_PATHS = "@executable_path/Frameworks";
				"LD_RUNPATH_SEARCH_PATHS[sdk=macosx*]" = "@executable_path/../Frameworks";
				MACOSX_DEPLOYMENT_TARGET = 14.0;
				MARKETING_VERSION = 1.0;
				PRODUCT_BUNDLE_IDENTIFIER = com.ua.ThreadsCloneSwiftUI;
				PRODUCT_NAME = "$(TARGET_NAME)";
				SDKROOT = auto;
				SUPPORTED_PLATFORMS = "iphoneos iphonesimulator macosx";
				SWIFT_EMIT_LOC_STRINGS = YES;
				SWIFT_VERSION = 5.0;
				TARGETED_DEVICE_FAMILY = "1,2";
			};
			name = Release;
		};
/* End XCBuildConfiguration section */

/* Begin XCConfigurationList section */
		8A329DC72BF4CA3200EA7CF8 /* Build configuration list for PBXProject "ThreadsCloneSwiftUI" */ = {
			isa = XCConfigurationList;
			buildConfigurations = (
				8A329DD92BF4CA3400EA7CF8 /* Debug */,
				8A329DDA2BF4CA3400EA7CF8 /* Release */,
			);
			defaultConfigurationIsVisible = 0;
			defaultConfigurationName = Release;
		};
		8A329DDB2BF4CA3400EA7CF8 /* Build configuration list for PBXNativeTarget "ThreadsCloneSwiftUI" */ = {
			isa = XCConfigurationList;
			buildConfigurations = (
				8A329DDC2BF4CA3400EA7CF8 /* Debug */,
				8A329DDD2BF4CA3400EA7CF8 /* Release */,
			);
			defaultConfigurationIsVisible = 0;
			defaultConfigurationName = Release;
		};
/* End XCConfigurationList section */
	};
	rootObject = 8A329DC42BF4CA3200EA7CF8 /* Project object */;
}
